Microsoft Visual Studio Solution File, Format Version 12.00
# Visual Studio Version 16
VisualStudioVersion = 16.0.29025.244
MinimumVisualStudioVersion = 10.0.40219.1
Project("{9A19103F-16F7-4668-BE54-9A1E7A4F7556}") = "URLShortener.API", "URLShortener\URLShortener.API.csproj", "{1FA24A5F-4DE1-495B-B5F1-5532D766C952}"
EndProject
Project("{9A19103F-16F7-4668-BE54-9A1E7A4F7556}") = "URLShortener.DataAccess", "URLShortener.DataAccess\URLShortener.DataAccess.csproj", "{92144ACD-A672-46F7-A304-4EDE7C4394C9}"
EndProject
Project("{9A19103F-16F7-4668-BE54-9A1E7A4F7556}") = "URLShortener.Domain", "URLShortener.Domain\URLShortener.Domain.csproj", "{686C23C5-39A3-4B70-9446-111E071962EC}"
EndProject
Global
	GlobalSection(SolutionConfigurationPlatforms) = preSolution
		Debug|Any CPU = Debug|Any CPU
		Release|Any CPU = Release|Any CPU
	EndGlobalSection
	GlobalSection(ProjectConfigurationPlatforms) = postSolution
		{1FA24A5F-4DE1-495B-B5F1-5532D766C952}.Debug|Any CPU.ActiveCfg = Debug|Any CPU
		{1FA24A5F-4DE1-495B-B5F1-5532D766C952}.Debug|Any CPU.Build.0 = Debug|Any CPU
		{1FA24A5F-4DE1-495B-B5F1-5532D766C952}.Release|Any CPU.ActiveCfg = Release|Any CPU
		{1FA24A5F-4DE1-495B-B5F1-5532D766C952}.Release|Any CPU.Build.0 = Release|Any CPU
		{92144ACD-A672-46F7-A304-4EDE7C4394C9}.Debug|Any CPU.ActiveCfg = Debug|Any CPU
		{92144ACD-A672-46F7-A304-4EDE7C4394C9}.Debug|Any CPU.Build.0 = Debug|Any CPU
		{92144ACD-A672-46F7-A304-4EDE7C4394C9}.Release|Any CPU.ActiveCfg = Release|Any CPU
		{92144ACD-A672-46F7-A304-4EDE7C4394C9}.Release|Any CPU.Build.0 = Release|Any CPU
		{686C23C5-39A3-4B70-9446-111E071962EC}.Debug|Any CPU.ActiveCfg = Debug|Any CPU
		{686C23C5-39A3-4B70-9446-111E071962EC}.Debug|Any CPU.Build.0 = Debug|Any CPU
		{686C23C5-39A3-4B70-9446-111E071962EC}.Release|Any CPU.ActiveCfg = Release|Any CPU
		{686C23C5-39A3-4B70-9446-111E071962EC}.Release|Any CPU.Build.0 = Release|Any CPU
	EndGlobalSection
	GlobalSection(SolutionProperties) = preSolution
		HideSolutionNode = FALSE
	EndGlobalSection
	GlobalSection(ExtensibilityGlobals) = postSolution
		SolutionGuid = {4503B4A5-C666-4C93-B33E-4BBF3B5E0B64}
	EndGlobalSection
EndGlobal
